
Microsoft Visual Studio Solution File, Format Version 12.00
# Visual Studio 15
VisualStudioVersion = 15.0.28307.168
MinimumVisualStudioVersion = 10.0.40219.1
Project("{FAE04EC0-301F-11D3-BF4B-00C04F79EFBC}") = "OTP_WEBSERVER", "OTP_WEBSERVER\OTP_WEBSERVER.csproj", "{6B945C84-2A0C-4E6E-8002-F6B97E6E14DD}"
EndProject
Global
	GlobalSection(SolutionConfigurationPlatforms) = preSolution
		Debug|Any CPU = Debug|Any CPU
		Release|Any CPU = Release|Any CPU
	EndGlobalSection
	GlobalSection(ProjectConfigurationPlatforms) = postSolution
		{6B945C84-2A0C-4E6E-8002-F6B97E6E14DD}.Debug|Any CPU.ActiveCfg = Debug|Any CPU
		{6B945C84-2A0C-4E6E-8002-F6B97E6E14DD}.Debug|Any CPU.Build.0 = Debug|Any CPU
		{6B945C84-2A0C-4E6E-8002-F6B97E6E14DD}.Release|Any CPU.ActiveCfg = Release|Any CPU
		{6B945C84-2A0C-4E6E-8002-F6B97E6E14DD}.Release|Any CPU.Build.0 = Release|Any CPU
	EndGlobalSection
	GlobalSection(SolutionProperties) = preSolution
		HideSolutionNode = FALSE
	EndGlobalSection
	GlobalSection(ExtensibilityGlobals) = postSolution
		SolutionGuid = {161CB74E-AC2E-4541-8A09-ED2843CF7A62}
	EndGlobalSection
EndGlobal
