
Microsoft Visual Studio Solution File, Format Version 12.00
# Visual Studio 15
VisualStudioVersion = 15.0.28307.168
MinimumVisualStudioVersion = 10.0.40219.1
Project("{9A19103F-16F7-4668-BE54-9A1E7A4F7556}") = "OTP_WEBSERVER", "OTP_WEBSERVER\OTP_WEBSERVER.csproj", "{6B945C84-2A0C-4E6E-8002-F6B97E6E14DD}"
EndProject
Project("{2150E333-8FDC-42A3-9474-1A3956D46DE8}") = "Solution Items", "Solution Items", "{88372BF0-4958-4CEE-A6CD-49ECB483BAFE}"
EndProject
Project("{FAE04EC0-301F-11D3-BF4B-00C04F79EFBC}") = "OtpTests", "OtpTests\OtpTests.csproj", "{F9A7FD29-A8D8-4C79-A628-4948A63B5098}"
EndProject
Project("{FAE04EC0-301F-11D3-BF4B-00C04F79EFBC}") = "MyOtpDemoBankWeb", "MyOtpDemoBankWeb\MyOtpDemoBankWeb.csproj", "{3E9D51BD-7BF4-4CCC-A15C-895D453CEB7E}"
EndProject
Global
	GlobalSection(SolutionConfigurationPlatforms) = preSolution
		Debug|Any CPU = Debug|Any CPU
		Release|Any CPU = Release|Any CPU
	EndGlobalSection
	GlobalSection(ProjectConfigurationPlatforms) = postSolution
		{6B945C84-2A0C-4E6E-8002-F6B97E6E14DD}.Debug|Any CPU.ActiveCfg = Debug|Any CPU
		{6B945C84-2A0C-4E6E-8002-F6B97E6E14DD}.Debug|Any CPU.Build.0 = Debug|Any CPU
		{6B945C84-2A0C-4E6E-8002-F6B97E6E14DD}.Release|Any CPU.ActiveCfg = Release|Any CPU
		{6B945C84-2A0C-4E6E-8002-F6B97E6E14DD}.Release|Any CPU.Build.0 = Release|Any CPU
		{F9A7FD29-A8D8-4C79-A628-4948A63B5098}.Debug|Any CPU.ActiveCfg = Debug|Any CPU
		{F9A7FD29-A8D8-4C79-A628-4948A63B5098}.Debug|Any CPU.Build.0 = Debug|Any CPU
		{F9A7FD29-A8D8-4C79-A628-4948A63B5098}.Release|Any CPU.ActiveCfg = Release|Any CPU
		{F9A7FD29-A8D8-4C79-A628-4948A63B5098}.Release|Any CPU.Build.0 = Release|Any CPU
		{3E9D51BD-7BF4-4CCC-A15C-895D453CEB7E}.Debug|Any CPU.ActiveCfg = Debug|Any CPU
		{3E9D51BD-7BF4-4CCC-A15C-895D453CEB7E}.Debug|Any CPU.Build.0 = Debug|Any CPU
		{3E9D51BD-7BF4-4CCC-A15C-895D453CEB7E}.Release|Any CPU.ActiveCfg = Release|Any CPU
		{3E9D51BD-7BF4-4CCC-A15C-895D453CEB7E}.Release|Any CPU.Build.0 = Release|Any CPU
	EndGlobalSection
	GlobalSection(SolutionProperties) = preSolution
		HideSolutionNode = FALSE
	EndGlobalSection
	GlobalSection(ExtensibilityGlobals) = postSolution
		SolutionGuid = {161CB74E-AC2E-4541-8A09-ED2843CF7A62}
	EndGlobalSection
EndGlobal
